
Microsoft Visual Studio Solution File, Format Version 12.00
Project("{FAE04EC0-301F-11D3-BF4B-00C04F79EFBC}") = "lua-bundler", "lua-bundler\lua-bundler.csproj", "{F414A74B-DF6A-4CC4-BBBF-584B7D905E9B}"
EndProject
Global
	GlobalSection(SolutionConfigurationPlatforms) = preSolution
		Debug|Any CPU = Debug|Any CPU
		Release|Any CPU = Release|Any CPU
	EndGlobalSection
	GlobalSection(ProjectConfigurationPlatforms) = postSolution
		{F414A74B-DF6A-4CC4-BBBF-584B7D905E9B}.Debug|Any CPU.ActiveCfg = Debug|Any CPU
		{F414A74B-DF6A-4CC4-BBBF-584B7D905E9B}.Debug|Any CPU.Build.0 = Debug|Any CPU
		{F414A74B-DF6A-4CC4-BBBF-584B7D905E9B}.Release|Any CPU.ActiveCfg = Release|Any CPU
		{F414A74B-DF6A-4CC4-BBBF-584B7D905E9B}.Release|Any CPU.Build.0 = Release|Any CPU
	EndGlobalSection
EndGlobal
